<Solution>
  <Project Path="src/DiscImageStudio.Core/DiscImageStudio.Core.csproj" />
  <Project Path="src/DiscImageStudio.Cd/DiscImageStudio.Cd.csproj" />
  <Project Path="src/DiscImageStudio.Dvd/DiscImageStudio.Dvd.csproj" />
  <Project Path="src/DiscImageStudio.App/DiscImageStudio.App.csproj" />
  <Project Path="src/DvdImageSolver/DvdImageSolver.csproj" />
  <Project Path="tests/DiscImageStudio.ArchitectureTests/DiscImageStudio.ArchitectureTests.csproj" />
</Solution>
